
Microsoft Visual Studio Solution File, Format Version 12.00
# Visual Studio Version 17
VisualStudioVersion = 17.13.35931.197
MinimumVisualStudioVersion = 10.0.40219.1
Project("{FAE04EC0-301F-11D3-BF4B-00C04F79EFBC}") = "Lab05Lib", "Lab05Lib\Lab05Lib.csproj", "{ED86AED4-4A29-42E4-B668-3FAF5A1C30DE}"
EndProject
Project("{FAE04EC0-301F-11D3-BF4B-00C04F79EFBC}") = "Lab05App", "Lab05App\Lab05App.csproj", "{68F0375B-4AC9-4B86-824B-A202CCDC93AF}"
EndProject
Global
	GlobalSection(SolutionConfigurationPlatforms) = preSolution
		Debug|Any CPU = Debug|Any CPU
		Release|Any CPU = Release|Any CPU
	EndGlobalSection
	GlobalSection(ProjectConfigurationPlatforms) = postSolution
		{ED86AED4-4A29-42E4-B668-3FAF5A1C30DE}.Debug|Any CPU.ActiveCfg = Debug|Any CPU
		{ED86AED4-4A29-42E4-B668-3FAF5A1C30DE}.Debug|Any CPU.Build.0 = Debug|Any CPU
		{ED86AED4-4A29-42E4-B668-3FAF5A1C30DE}.Release|Any CPU.ActiveCfg = Release|Any CPU
		{ED86AED4-4A29-42E4-B668-3FAF5A1C30DE}.Release|Any CPU.Build.0 = Release|Any CPU
		{68F0375B-4AC9-4B86-824B-A202CCDC93AF}.Debug|Any CPU.ActiveCfg = Debug|Any CPU
		{68F0375B-4AC9-4B86-824B-A202CCDC93AF}.Debug|Any CPU.Build.0 = Debug|Any CPU
		{68F0375B-4AC9-4B86-824B-A202CCDC93AF}.Release|Any CPU.ActiveCfg = Release|Any CPU
		{68F0375B-4AC9-4B86-824B-A202CCDC93AF}.Release|Any CPU.Build.0 = Release|Any CPU
	EndGlobalSection
	GlobalSection(SolutionProperties) = preSolution
		HideSolutionNode = FALSE
	EndGlobalSection
	GlobalSection(ExtensibilityGlobals) = postSolution
		SolutionGuid = {A98F76E3-C16C-4998-AFDF-BD67D6233949}
	EndGlobalSection
EndGlobal
